[[package]]
name = "backports.zoneinfo"
version = "0.2.1"
requires_python = ">=3.6"
summary = "Backport of the standard library zoneinfo module"
dependencies = [
    "importlib-resources; python_version < \"3.7\"",
]

[[package]]
name = "contextvars"
version = "2.4"
summary = "PEP 567 Backport"
dependencies = [
    "immutables>=0.9",
]

[[package]]
name = "dataclasses"
version = "0.8"
requires_python = ">=3.6,<3.7"
summary = "A backport of the dataclasses module for Python 3.6"

[[package]]
name = "graphlib-backport"
version = "1.0.3"
requires_python = ">=3.6,<4.0"
summary = "Backport of the Python 3.9 graphlib module for Python 3.6+"

[[package]]
name = "immutables"
version = "0.16"
requires_python = ">=3.6"
summary = "Immutable Collections"
dependencies = [
    "typing-extensions>=3.7.4.3; python_version < \"3.8\"",
]

[[package]]
name = "importlib-resources"
version = "5.2.2"
requires_python = ">=3.6"
summary = "Read resources from Python packages"
dependencies = [
    "zipp>=3.1.0; python_version < \"3.10\"",
]

[[package]]
name = "typing-extensions"
version = "3.10.0.2"
summary = "Backported and Experimental Type Hints for Python 3.5+"

[[package]]
name = "zipp"
version = "3.5.0"
requires_python = ">=3.6"
summary = "Backport of pathlib-compatible object wrapper for zip files"

[metadata]
lock_version = "3.1"
content_hash = "sha256:dadb2b4dec646fe873f30a4b576517b8a7abdedf6489485c5dd2e5fc0e4a37e7"

[metadata.files]
"backports.zoneinfo 0.2.1" = [
    {file = "backports.zoneinfo-0.2.1-cp36-cp36m-macosx_10_14_x86_64.whl", hash = "sha256:da6013fd84a690242c310d77ddb8441a559e9cb3d3d59ebac9aca1a57b2e18bc"},
    {file = "backports.zoneinfo-0.2.1-cp36-cp36m-manylinux1_i686.whl", hash = "sha256:89a48c0d158a3cc3f654da4c2de1ceba85263fafb861b98b59040a5086259722"},
    {file = "backports.zoneinfo-0.2.1-cp36-cp36m-manylinux1_x86_64.whl", hash = "sha256:1c5742112073a563c81f786e77514969acb58649bcdf6cdf0b4ed31a348d4546"},
    {file = "backports.zoneinfo-0.2.1-cp36-cp36m-win32.whl", hash = "sha256:e8236383a20872c0cdf5a62b554b27538db7fa1bbec52429d8d106effbaeca08"},
    {file = "backports.zoneinfo-0.2.1-cp36-cp36m-win_amd64.whl", hash = "sha256:8439c030a11780786a2002261569bdf362264f605dfa4d65090b64b05c9f79a7"},
    {file = "backports.zoneinfo-0.2.1-cp37-cp37m-macosx_10_14_x86_64.whl", hash = "sha256:f04e857b59d9d1ccc39ce2da1021d196e47234873820cbeaad210724b1ee28ac"},
    {file = "backports.zoneinfo-0.2.1-cp37-cp37m-manylinux1_i686.whl", hash = "sha256:17746bd546106fa389c51dbea67c8b7c8f0d14b5526a579ca6ccf5ed72c526cf"},
    {file = "backports.zoneinfo-0.2.1-cp37-cp37m-manylinux1_x86_64.whl", hash = "sha256:5c144945a7752ca544b4b78c8c41544cdfaf9786f25fe5ffb10e838e19a27570"},
    {file = "backports.zoneinfo-0.2.1-cp37-cp37m-win32.whl", hash = "sha256:e55b384612d93be96506932a786bbcde5a2db7a9e6a4bb4bffe8b733f5b9036b"},
    {file = "backports.zoneinfo-0.2.1-cp37-cp37m-win_amd64.whl", hash = "sha256:a76b38c52400b762e48131494ba26be363491ac4f9a04c1b7e92483d169f6582"},
    {file = "backports.zoneinfo-0.2.1-cp38-cp38-macosx_10_14_x86_64.whl", hash = "sha256:8961c0f32cd0336fb8e8ead11a1f8cd99ec07145ec2931122faaac1c8f7fd987"},
    {file = "backports.zoneinfo-0.2.1-cp38-cp38-manylinux1_i686.whl", hash = "sha256:e81b76cace8eda1fca50e345242ba977f9be6ae3945af8d46326d776b4cf78d1"},
    {file = "backports.zoneinfo-0.2.1-cp38-cp38-manylinux1_x86_64.whl", hash = "sha256:7b0a64cda4145548fed9efc10322770f929b944ce5cee6c0dfe0c87bf4c0c8c9"},
    {file = "backports.zoneinfo-0.2.1-cp38-cp38-win32.whl", hash = "sha256:1b13e654a55cd45672cb54ed12148cd33628f672548f373963b0bff67b217328"},
    {file = "backports.zoneinfo-0.2.1-cp38-cp38-win_amd64.whl", hash = "sha256:4a0f800587060bf8880f954dbef70de6c11bbe59c673c3d818921f042f9954a6"},
    {file = "backports.zoneinfo-0.2.1.tar.gz", hash = "sha256:fadbfe37f74051d024037f223b8e001611eac868b5c5b06144ef4d8b799862f2"},
]
"contextvars 2.4" = [
    {file = "contextvars-2.4.tar.gz", hash = "sha256:f38c908aaa59c14335eeea12abea5f443646216c4e29380d7bf34d2018e2c39e"},
]
"dataclasses 0.8" = [
    {file = "dataclasses-0.8-py3-none-any.whl", hash = "sha256:0201d89fa866f68c8ebd9d08ee6ff50c0b255f8ec63a71c16fda7af82bb887bf"},
    {file = "dataclasses-0.8.tar.gz", hash = "sha256:8479067f342acf957dc82ec415d355ab5edb7e7646b90dc6e2fd1d96ad084c97"},
]
"graphlib-backport 1.0.3" = [
    {file = "graphlib_backport-1.0.3-py3-none-any.whl", hash = "sha256:24246967b9e7e6a91550bc770e6169585d35aa32790258579a8a3899a8c18fde"},
    {file = "graphlib_backport-1.0.3.tar.gz", hash = "sha256:7bb8fc7757b8ae4e6d8000a26cd49e9232aaa9a3aa57edb478474b8424bfaae2"},
]
"immutables 0.16" = [
    {file = "immutables-0.16-cp36-cp36m-macosx_10_9_x86_64.whl", hash = "sha256:acbfa79d44228d96296279068441f980dc63dbed52522d9227ff9f4d96c6627e"},
    {file = "immutables-0.16-cp36-cp36m-manylinux_2_17_aarch64.manylinux2014_aarch64.whl", hash = "sha256:29c9ed003eacb92e630ef200e31f47236c2139b39476894f7963b32bd39bafa3"},
    {file = "immutables-0.16-cp36-cp36m-manylinux_2_5_i686.manylinux1_i686.whl", hash = "sha256:0a396314b9024fa55bf83a27813fd76cf9f27dce51f53b0f19b51de035146251"},
    {file = "immutables-0.16-cp36-cp36m-manylinux_2_5_x86_64.manylinux1_x86_64.whl", hash = "sha256:4a2a71678348fb95b13ca108d447f559a754c41b47bd1e7e4fb23974e735682d"},
    {file = "immutables-0.16-cp36-cp36m-win32.whl", hash = "sha256:064001638ab5d36f6aa05b6101446f4a5793fb71e522bc81b8fc65a1894266ff"},
    {file = "immutables-0.16-cp36-cp36m-win_amd64.whl", hash = "sha256:1de393f1b188740ca7b38f946f2bbc7edf3910d2048f03bbb8d01f17a038d67c"},
    {file = "immutables-0.16-cp37-cp37m-macosx_10_9_x86_64.whl", hash = "sha256:fcf678a3074613119385a02a07c469ec5130559f5ea843c85a0840c80b5b71c6"},
    {file = "immutables-0.16-cp37-cp37m-manylinux_2_17_aarch64.manylinux2014_aarch64.whl", hash = "sha256:a307eb0984eb43e815dcacea3ac50c11d00a936ecf694c46991cd5a23bcb0ec0"},
    {file = "immutables-0.16-cp37-cp37m-manylinux_2_5_i686.manylinux1_i686.whl", hash = "sha256:7a58825ff2254e2612c5a932174398a4ea8fbddd8a64a02c880cc32ee28b8820"},
    {file = "immutables-0.16-cp37-cp37m-manylinux_2_5_x86_64.manylinux1_x86_64.whl", hash = "sha256:798b095381eb42cf40db6876339e7bed84093e5868018a9e73d8e1f7ab4bb21e"},
    {file = "immutables-0.16-cp37-cp37m-win32.whl", hash = "sha256:19bdede174847c2ef1292df0f23868ab3918b560febb09fcac6eec621bd4812b"},
    {file = "immutables-0.16-cp37-cp37m-win_amd64.whl", hash = "sha256:9ccf4c0e3e2e3237012b516c74c49de8872ccdf9129739f7a0b9d7444a8c4862"},
    {file = "immutables-0.16-cp38-cp38-macosx_10_9_universal2.whl", hash = "sha256:d59beef203a3765db72b1d0943547425c8318ecf7d64c451fd1e130b653c2fbb"},
    {file = "immutables-0.16-cp38-cp38-macosx_10_9_x86_64.whl", hash = "sha256:0020aaa4010b136056c20a46ce53204e1407a9e4464246cb2cf95b90808d9161"},
    {file = "immutables-0.16-cp38-cp38-manylinux_2_17_aarch64.manylinux2014_aarch64.whl", hash = "sha256:edd9f67671555af1eb99ad3c7550238487dd7ac0ac5205b40204ed61c9a922ac"},
    {file = "immutables-0.16-cp38-cp38-manylinux_2_5_i686.manylinux1_i686.whl", hash = "sha256:298a301f85f307b4c056a0825eb30f060e64d73605e783289f3df37dd762bab8"},
    {file = "immutables-0.16-cp38-cp38-manylinux_2_5_x86_64.manylinux1_x86_64.whl", hash = "sha256:b779617f5b94486bfd0f22162cd72eb5f2beb0214a14b75fdafb7b2c908ed0cb"},
    {file = "immutables-0.16-cp38-cp38-win32.whl", hash = "sha256:511c93d8b1bbbf103ff3f1f120c5a68a9866ce03dea6ac406537f93ca9b19139"},
    {file = "immutables-0.16-cp38-cp38-win_amd64.whl", hash = "sha256:b651b61c1af6cda2ee201450f2ffe048a5959bc88e43e6c312f4c93e69c9e929"},
    {file = "immutables-0.16-cp39-cp39-macosx_10_9_universal2.whl", hash = "sha256:aa7bf572ae1e006104c584be70dc634849cf0dc62f42f4ee194774f97e7fd17d"},
    {file = "immutables-0.16-cp39-cp39-macosx_10_9_x86_64.whl", hash = "sha256:50793a44ba0d228ed8cad4d0925e00dfd62ea32f44ddee8854f8066447272d05"},
    {file = "immutables-0.16-cp39-cp39-manylinux_2_17_aarch64.manylinux2014_aarch64.whl", hash = "sha256:799621dcdcdcbb2516546a40123b87bf88de75fe7459f7bd8144f079ace6ec3e"},
    {file = "immutables-0.16-cp39-cp39-manylinux_2_5_i686.manylinux1_i686.whl", hash = "sha256:7bcf52aeb983bd803b7c6106eae1b2d9a0c7ab1241bc6b45e2174ba2b7283031"},
    {file = "immutables-0.16-cp39-cp39-manylinux_2_5_x86_64.manylinux1_x86_64.whl", hash = "sha256:734c269e82e5f307fb6e17945953b67659d1731e65309787b8f7ba267d1468f2"},
    {file = "immutables-0.16-cp39-cp39-win32.whl", hash = "sha256:a454d5d3fee4b7cc627345791eb2ca4b27fa3bbb062ccf362ecaaa51679a07ed"},
    {file = "immutables-0.16-cp39-cp39-win_amd64.whl", hash = "sha256:2505d93395d3f8ae4223e21465994c3bc6952015a38dc4f03cb3e07a2b8d8325"},
    {file = "immutables-0.16.tar.gz", hash = "sha256:d67e86859598eed0d926562da33325dac7767b7b1eff84e232c22abea19f4360"},
]
"importlib-resources 5.2.2" = [
    {file = "importlib_resources-5.2.2-py3-none-any.whl", hash = "sha256:2480d8e07d1890056cb53c96e3de44fead9c62f2ba949b0f2e4c4345f4afa977"},
    {file = "importlib_resources-5.2.2.tar.gz", hash = "sha256:a65882a4d0fe5fbf702273456ba2ce74fe44892c25e42e057aca526b702a6d4b"},
]
"typing-extensions 3.10.0.2" = [
    {file = "typing_extensions-3.10.0.2-py2-none-any.whl", hash = "sha256:d8226d10bc02a29bcc81df19a26e56a9647f8b0a6d4a83924139f4a8b01f17b7"},
    {file = "typing_extensions-3.10.0.2-py3-none-any.whl", hash = "sha256:f1d25edafde516b146ecd0613dabcc61409817af4766fbbcfb8d1ad4ec441a34"},
    {file = "typing_extensions-3.10.0.2.tar.gz", hash = "sha256:49f75d16ff11f1cd258e1b988ccff82a3ca5570217d7ad8c5f48205dd99a677e"},
]
"zipp 3.5.0" = [
    {file = "zipp-3.5.0-py3-none-any.whl", hash = "sha256:957cfda87797e389580cb8b9e3870841ca991e2125350677b2ca83a0e99390a3"},
    {file = "zipp-3.5.0.tar.gz", hash = "sha256:f5812b1e007e48cff63449a5e9f4e7ebea716b4111f9c4f9a645f91d579bf0c4"},
]
